
Microsoft Visual Studio Solution File, Format Version 12.00
# Visual Studio Version 16
VisualStudioVersion = 16.0.34601.136
MinimumVisualStudioVersion = 10.0.40219.1
Project("{FAE04EC0-301F-11D3-BF4B-00C04F79EFBC}") = "Sinema", "Sinema.csproj", "{6A8CF99F-5BC1-4A71-ACB2-F9CCD5D8AB90}"
EndProject
Global
	GlobalSection(SolutionConfigurationPlatforms) = preSolution
		Debug|Any CPU = Debug|Any CPU
		Release|Any CPU = Release|Any CPU
	EndGlobalSection
	GlobalSection(ProjectConfigurationPlatforms) = postSolution
		{6A8CF99F-5BC1-4A71-ACB2-F9CCD5D8AB90}.Debug|Any CPU.ActiveCfg = Debug|Any CPU
		{6A8CF99F-5BC1-4A71-ACB2-F9CCD5D8AB90}.Debug|Any CPU.Build.0 = Debug|Any CPU
		{6A8CF99F-5BC1-4A71-ACB2-F9CCD5D8AB90}.Release|Any CPU.ActiveCfg = Release|Any CPU
		{6A8CF99F-5BC1-4A71-ACB2-F9CCD5D8AB90}.Release|Any CPU.Build.0 = Release|Any CPU
	EndGlobalSection
	GlobalSection(SolutionProperties) = preSolution
		HideSolutionNode = FALSE
	EndGlobalSection
	GlobalSection(ExtensibilityGlobals) = postSolution
		SolutionGuid = {604C4F81-D7A1-4E57-819A-89599EAA4D67}
	EndGlobalSection
EndGlobal
